
Microsoft Visual Studio Solution File, Format Version 12.00
# Visual Studio Version 16
VisualStudioVersion = 16.0.32002.261
MinimumVisualStudioVersion = 10.0.40219.1
Project("{9A19103F-16F7-4668-BE54-9A1E7A4F7556}") = "Infrastructure.Data.MSSQL", "Infrastructure.Data.MSSQL\Infrastructure.Data.MSSQL.csproj", "{5CC7C017-AEA4-4048-AA9B-1E943C7F0507}"
EndProject
Project("{9A19103F-16F7-4668-BE54-9A1E7A4F7556}") = "Domain.Interfaces", "Domain.Interfaces\Domain.Interfaces.csproj", "{C60AFBD3-DC2C-4207-B5F9-B77F2B1EC475}"
EndProject
Project("{9A19103F-16F7-4668-BE54-9A1E7A4F7556}") = "Domain.Entities", "Domain.Entities\Domain.Entities.csproj", "{ED1C3879-0971-4334-96D6-72315A27802D}"
EndProject
Project("{9A19103F-16F7-4668-BE54-9A1E7A4F7556}") = "Services", "Services\Services.csproj", "{724E23AE-C71E-4E97-BAA3-33B45A54058E}"
EndProject
Project("{9A19103F-16F7-4668-BE54-9A1E7A4F7556}") = "Web.MVC", "Web.MVC\Web.MVC.csproj", "{2AC868C3-498D-4CCD-BC89-D44F11CF3D9D}"
EndProject
Global
	GlobalSection(SolutionConfigurationPlatforms) = preSolution
		Debug|Any CPU = Debug|Any CPU
		Release|Any CPU = Release|Any CPU
	EndGlobalSection
	GlobalSection(ProjectConfigurationPlatforms) = postSolution
		{5CC7C017-AEA4-4048-AA9B-1E943C7F0507}.Debug|Any CPU.ActiveCfg = Debug|Any CPU
		{5CC7C017-AEA4-4048-AA9B-1E943C7F0507}.Debug|Any CPU.Build.0 = Debug|Any CPU
		{5CC7C017-AEA4-4048-AA9B-1E943C7F0507}.Release|Any CPU.ActiveCfg = Release|Any CPU
		{5CC7C017-AEA4-4048-AA9B-1E943C7F0507}.Release|Any CPU.Build.0 = Release|Any CPU
		{C60AFBD3-DC2C-4207-B5F9-B77F2B1EC475}.Debug|Any CPU.ActiveCfg = Debug|Any CPU
		{C60AFBD3-DC2C-4207-B5F9-B77F2B1EC475}.Debug|Any CPU.Build.0 = Debug|Any CPU
		{C60AFBD3-DC2C-4207-B5F9-B77F2B1EC475}.Release|Any CPU.ActiveCfg = Release|Any CPU
		{C60AFBD3-DC2C-4207-B5F9-B77F2B1EC475}.Release|Any CPU.Build.0 = Release|Any CPU
		{ED1C3879-0971-4334-96D6-72315A27802D}.Debug|Any CPU.ActiveCfg = Debug|Any CPU
		{ED1C3879-0971-4334-96D6-72315A27802D}.Debug|Any CPU.Build.0 = Debug|Any CPU
		{ED1C3879-0971-4334-96D6-72315A27802D}.Release|Any CPU.ActiveCfg = Release|Any CPU
		{ED1C3879-0971-4334-96D6-72315A27802D}.Release|Any CPU.Build.0 = Release|Any CPU
		{724E23AE-C71E-4E97-BAA3-33B45A54058E}.Debug|Any CPU.ActiveCfg = Debug|Any CPU
		{724E23AE-C71E-4E97-BAA3-33B45A54058E}.Debug|Any CPU.Build.0 = Debug|Any CPU
		{724E23AE-C71E-4E97-BAA3-33B45A54058E}.Release|Any CPU.ActiveCfg = Release|Any CPU
		{724E23AE-C71E-4E97-BAA3-33B45A54058E}.Release|Any CPU.Build.0 = Release|Any CPU
		{2AC868C3-498D-4CCD-BC89-D44F11CF3D9D}.Debug|Any CPU.ActiveCfg = Debug|Any CPU
		{2AC868C3-498D-4CCD-BC89-D44F11CF3D9D}.Debug|Any CPU.Build.0 = Debug|Any CPU
		{2AC868C3-498D-4CCD-BC89-D44F11CF3D9D}.Release|Any CPU.ActiveCfg = Release|Any CPU
		{2AC868C3-498D-4CCD-BC89-D44F11CF3D9D}.Release|Any CPU.Build.0 = Release|Any CPU
	EndGlobalSection
	GlobalSection(SolutionProperties) = preSolution
		HideSolutionNode = FALSE
	EndGlobalSection
	GlobalSection(ExtensibilityGlobals) = postSolution
		SolutionGuid = {D59F8252-34D5-4F7C-B0BC-F9316D134B2E}
	EndGlobalSection
EndGlobal
